
Microsoft Visual Studio Solution File, Format Version 12.00
# Visual Studio Version 16
VisualStudioVersion = 16.0.31410.357
MinimumVisualStudioVersion = 10.0.40219.1
Project("{FAE04EC0-301F-11D3-BF4B-00C04F79EFBC}") = "Betriebsmittelverwaltung", "Betriebsmittelverwaltung\Betriebsmittelverwaltung.csproj", "{BDA10162-7FEB-486F-8AE2-F171CDAEA594}"
EndProject
Global
	GlobalSection(SolutionConfigurationPlatforms) = preSolution
		Debug|Any CPU = Debug|Any CPU
		Release|Any CPU = Release|Any CPU
	EndGlobalSection
	GlobalSection(ProjectConfigurationPlatforms) = postSolution
		{BDA10162-7FEB-486F-8AE2-F171CDAEA594}.Debug|Any CPU.ActiveCfg = Debug|Any CPU
		{BDA10162-7FEB-486F-8AE2-F171CDAEA594}.Debug|Any CPU.Build.0 = Debug|Any CPU
		{BDA10162-7FEB-486F-8AE2-F171CDAEA594}.Release|Any CPU.ActiveCfg = Release|Any CPU
		{BDA10162-7FEB-486F-8AE2-F171CDAEA594}.Release|Any CPU.Build.0 = Release|Any CPU
	EndGlobalSection
	GlobalSection(SolutionProperties) = preSolution
		HideSolutionNode = FALSE
	EndGlobalSection
	GlobalSection(ExtensibilityGlobals) = postSolution
		SolutionGuid = {93748DA0-06D0-4292-BD5D-D7CDD81C4410}
	EndGlobalSection
EndGlobal
